langcode: en
status: true
dependencies:
  theme:
    - seven
id: administratorblock
theme: seven
region: content
weight: 0
provider: null
plugin: administrator_block
settings:
  id: administrator_block
  label: 'Administrator block'
  provider: collection
  label_display: visible
visibility:
  user_role:
    id: user_role
    roles:
      administrator: administrator
    negate: false
    context_mapping:
      user: '@user.current_user_context:current_user'
